
Microsoft Visual Studio Solution File, Format Version 12.00
# Visual Studio 15
VisualStudioVersion = 15.0.26730.16
MinimumVisualStudioVersion = 10.0.40219.1
Project("{FAE04EC0-301F-11D3-BF4B-00C04F79EFBC}") = "LinqPresentation", "LinqPresentation\LinqPresentation.csproj", "{FC8484D1-E84B-4CC1-A795-A452DBFA62C6}"
EndProject
Global
	GlobalSection(SolutionConfigurationPlatforms) = preSolution
		Debug|Any CPU = Debug|Any CPU
		Release|Any CPU = Release|Any CPU
	EndGlobalSection
	GlobalSection(ProjectConfigurationPlatforms) = postSolution
		{FC8484D1-E84B-4CC1-A795-A452DBFA62C6}.Debug|Any CPU.ActiveCfg = Debug|Any CPU
		{FC8484D1-E84B-4CC1-A795-A452DBFA62C6}.Debug|Any CPU.Build.0 = Debug|Any CPU
		{FC8484D1-E84B-4CC1-A795-A452DBFA62C6}.Release|Any CPU.ActiveCfg = Release|Any CPU
		{FC8484D1-E84B-4CC1-A795-A452DBFA62C6}.Release|Any CPU.Build.0 = Release|Any CPU
	EndGlobalSection
	GlobalSection(SolutionProperties) = preSolution
		HideSolutionNode = FALSE
	EndGlobalSection
	GlobalSection(ExtensibilityGlobals) = postSolution
		SolutionGuid = {A1429C03-A402-41E4-A13C-F0C411F8520B}
	EndGlobalSection
EndGlobal
